
Microsoft Visual Studio Solution File, Format Version 12.00
# Visual Studio Version 16
VisualStudioVersion = 16.0.29806.167
MinimumVisualStudioVersion = 10.0.40219.1
Project("{FAE04EC0-301F-11D3-BF4B-00C04F79EFBC}") = "Lab4_Course2", "Lab4_Course2\Lab4_Course2.csproj", "{872D3B62-1F8B-4FD4-9B1F-23713D7812F3}"
EndProject
Global
	GlobalSection(SolutionConfigurationPlatforms) = preSolution
		Debug|Any CPU = Debug|Any CPU
		Release|Any CPU = Release|Any CPU
	EndGlobalSection
	GlobalSection(ProjectConfigurationPlatforms) = postSolution
		{872D3B62-1F8B-4FD4-9B1F-23713D7812F3}.Debug|Any CPU.ActiveCfg = Debug|Any CPU
		{872D3B62-1F8B-4FD4-9B1F-23713D7812F3}.Debug|Any CPU.Build.0 = Debug|Any CPU
		{872D3B62-1F8B-4FD4-9B1F-23713D7812F3}.Release|Any CPU.ActiveCfg = Release|Any CPU
		{872D3B62-1F8B-4FD4-9B1F-23713D7812F3}.Release|Any CPU.Build.0 = Release|Any CPU
	EndGlobalSection
	GlobalSection(SolutionProperties) = preSolution
		HideSolutionNode = FALSE
	EndGlobalSection
	GlobalSection(ExtensibilityGlobals) = postSolution
		SolutionGuid = {DCBE13AF-C15F-4E83-BEEA-A3D2B9D60F74}
	EndGlobalSection
EndGlobal
